
Microsoft Visual Studio Solution File, Format Version 12.00
Project("{FAE04EC0-301F-11D3-BF4B-00C04F79EFBC}") = "HospitalApp", "HospitalApp\HospitalApp.csproj", "{F3A48ABD-7AF0-4625-A7CA-AF41CCAD356B}"
EndProject
Global
	GlobalSection(SolutionConfigurationPlatforms) = preSolution
		Debug|Any CPU = Debug|Any CPU
		Release|Any CPU = Release|Any CPU
	EndGlobalSection
	GlobalSection(ProjectConfigurationPlatforms) = postSolution
		{F3A48ABD-7AF0-4625-A7CA-AF41CCAD356B}.Debug|Any CPU.ActiveCfg = Debug|Any CPU
		{F3A48ABD-7AF0-4625-A7CA-AF41CCAD356B}.Debug|Any CPU.Build.0 = Debug|Any CPU
		{F3A48ABD-7AF0-4625-A7CA-AF41CCAD356B}.Release|Any CPU.ActiveCfg = Release|Any CPU
		{F3A48ABD-7AF0-4625-A7CA-AF41CCAD356B}.Release|Any CPU.Build.0 = Release|Any CPU
	EndGlobalSection
EndGlobal
